{
  "version": 4,
  "terraform_version": "1.12.2",
  "serial": 80,
  "lineage": "5837b77b-234c-7888-0e6c-142afbbe2008",
  "outputs": {
    "public_ips": {
      "value": [
        "172.173.146.178",
        "20.124.204.43"
      ],
      "type": [
        "tuple",
        [
          "string",
          "string"
        ]
      ]
    }
  },
  "resources": [
    {
      "mode": "data",
      "type": "vault_generic_secret",
      "name": "admin",
      "provider": "provider[\"registry.terraform.io/hashicorp/vault\"]",
      "instances": [
        {
          "schema_version": 0,
          "attributes": {
            "data": {
              "username": "azureuser"
            },
            "data_json": "{\"username\":\"azureuser\"}",
            "id": "secret/admin",
            "lease_duration": 0,
            "lease_id": "",
            "lease_renewable": false,
            "lease_start_time": "2025-10-08T14:02:38Z",
            "namespace": null,
            "path": "secret/admin",
            "version": -1,
            "with_lease_start_time": true
          },
          "sensitive_attributes": [
            [
              {
                "type": "get_attr",
                "value": "data"
              }
            ],
            [
              {
                "type": "get_attr",
                "value": "data_json"
              }
            ]
          ],
          "identity_schema_version": 0
        }
      ]
    },
    {
      "mode": "managed",
      "type": "azurerm_linux_virtual_machine",
      "name": "vm",
      "provider": "provider[\"registry.terraform.io/hashicorp/azurerm\"]",
      "instances": [
        {
          "index_key": 0,
          "schema_version": 0,
          "attributes": {
            "additional_capabilities": [],
            "admin_password": null,
            "admin_ssh_key": [
              {
                "public_key": "ssh-rsa AAAAB3NzaC1yc2EAAAADAQABAAABgQCl8uTawJ+PKke2+HBiyeFsqhT62Swdt2zqCd4v5YdlOjunYY51JM747+z7LgzYgFUxj+FJVuYdezmcI0IVSZzfBeDzSJ79avb5lARk1Gxh+Z7wLVNH7qx1TsgtYxLKtJTjKuMkYJ2bn+zjOBMT//wWFTkgeUpPLuLFZZniv2sO1ia3UrC7dlUx1dHGs0WTqh4l7on2ZE0c3hJQOrCjjoOc8HMxVl0+FlTaRLYS6LMK2k+105x8RhnvGOkUcCd3Jn1pwxmWqX5GAJa8dV/OHNc4co5INjNaQny8I6oqz5ModiWD+Fhy9EtLFDBZxcgIKPEYRbimtQUAsvIzrvmbTV1sf1qBU/c9mBp/J89Txb4TxMFf5ksGimsSMPqd3zFCjUNxDoSBtdXwsGlvoOr/pMV3YfVhCHqEGC6tC7EhOo8UdOPgCEp+zIPjGaRAZBREsfZgHMvZ/3WrAlhS8AYTmi3hjq2uIpUp78yiYmuEiFTI/cNxlttKxROkF8IzxRqvbqk= edouard@stamboue\n",
                "username": "azureuser"
              }
            ],
            "admin_username": "azureuser",
            "allow_extension_operations": true,
            "availability_set_id": "",
            "boot_diagnostics": [],
            "bypass_platform_safety_checks_on_user_schedule_enabled": false,
            "capacity_reservation_group_id": "",
            "computer_name": "vm-0",
            "custom_data": null,
            "dedicated_host_group_id": "",
            "dedicated_host_id": "",
            "disable_password_authentication": true,
            "disk_controller_type": "",
            "edge_zone": "",
            "encryption_at_host_enabled": false,
            "eviction_policy": "",
            "extensions_time_budget": "PT1H30M",
            "gallery_application": [],
            "id": "/subscriptions/d997adab-222f-420b-b4c8-34642db6d037/resourceGroups/rg-vm-network/providers/Microsoft.Compute/virtualMachines/vm-0",
            "identity": [],
            "license_type": "",
            "location": "eastus",
            "max_bid_price": -1,
            "name": "vm-0",
            "network_interface_ids": [
              "/subscriptions/d997adab-222f-420b-b4c8-34642db6d037/resourceGroups/rg-vm-network/providers/Microsoft.Network/networkInterfaces/nic-0"
            ],
            "os_disk": [
              {
                "caching": "ReadWrite",
                "diff_disk_settings": [],
                "disk_encryption_set_id": "",
                "disk_size_gb": 30,
                "name": "vm-0_disk1_250ef808bdcd444f908da6bb34e797ae",
                "secure_vm_disk_encryption_set_id": "",
                "security_encryption_type": "",
                "storage_account_type": "Standard_LRS",
                "write_accelerator_enabled": false
              }
            ],
            "os_image_notification": [],
            "patch_assessment_mode": "ImageDefault",
            "patch_mode": "ImageDefault",
            "plan": [],
            "platform_fault_domain": -1,
            "priority": "Regular",
            "private_ip_address": "10.0.1.4",
            "private_ip_addresses": [
              "10.0.1.4"
            ],
            "provision_vm_agent": true,
            "proximity_placement_group_id": "",
            "public_ip_address": "172.173.146.178",
            "public_ip_addresses": [
              "172.173.146.178"
            ],
            "reboot_setting": "",
            "resource_group_name": "rg-vm-network",
            "secret": [],
            "secure_boot_enabled": false,
            "size": "Standard_B2s",
            "source_image_id": "",
            "source_image_reference": [
              {
                "offer": "0001-com-ubuntu-server-focal",
                "publisher": "Canonical",
                "sku": "20_04-lts",
                "version": "latest"
              }
            ],
            "tags": null,
            "termination_notification": null,
            "timeouts": null,
            "user_data": "",
            "virtual_machine_id": "380ca3cf-0efe-479f-812a-a3e5c617a0d4",
            "virtual_machine_scale_set_id": "",
            "vm_agent_platform_updates_enabled": false,
            "vtpm_enabled": false,
            "zone": ""
          },
          "sensitive_attributes": [
            [
              {
                "type": "get_attr",
                "value": "admin_password"
              }
            ],
            [
              {
                "type": "get_attr",
                "value": "admin_ssh_key"
              }
            ],
            [
              {
                "type": "get_attr",
                "value": "admin_username"
              }
            ],
            [
              {
                "type": "get_attr",
                "value": "custom_data"
              }
            ]
          ],
          "identity_schema_version": 0,
          "private": "eyJlMmJmYjczMC1lY2FhLTExZTYtOGY4OC0zNDM2M2JjN2M0YzAiOnsiY3JlYXRlIjoyNzAwMDAwMDAwMDAwLCJkZWxldGUiOjI3MDAwMDAwMDAwMDAsInJlYWQiOjMwMDAwMDAwMDAwMCwidXBkYXRlIjoyNzAwMDAwMDAwMDAwfX0=",
          "dependencies": [
            "azurerm_network_interface.nic",
            "azurerm_public_ip.public_ip",
            "azurerm_resource_group.rg",
            "data.vault_generic_secret.admin",
            "module.network.azurerm_subnet.subnets",
            "module.network.azurerm_virtual_network.vnet"
          ]
        },
        {
          "index_key": 1,
          "schema_version": 0,
          "attributes": {
            "additional_capabilities": [],
            "admin_password": null,
            "admin_ssh_key": [
              {
                "public_key": "ssh-rsa AAAAB3NzaC1yc2EAAAADAQABAAABgQCl8uTawJ+PKke2+HBiyeFsqhT62Swdt2zqCd4v5YdlOjunYY51JM747+z7LgzYgFUxj+FJVuYdezmcI0IVSZzfBeDzSJ79avb5lARk1Gxh+Z7wLVNH7qx1TsgtYxLKtJTjKuMkYJ2bn+zjOBMT//wWFTkgeUpPLuLFZZniv2sO1ia3UrC7dlUx1dHGs0WTqh4l7on2ZE0c3hJQOrCjjoOc8HMxVl0+FlTaRLYS6LMK2k+105x8RhnvGOkUcCd3Jn1pwxmWqX5GAJa8dV/OHNc4co5INjNaQny8I6oqz5ModiWD+Fhy9EtLFDBZxcgIKPEYRbimtQUAsvIzrvmbTV1sf1qBU/c9mBp/J89Txb4TxMFf5ksGimsSMPqd3zFCjUNxDoSBtdXwsGlvoOr/pMV3YfVhCHqEGC6tC7EhOo8UdOPgCEp+zIPjGaRAZBREsfZgHMvZ/3WrAlhS8AYTmi3hjq2uIpUp78yiYmuEiFTI/cNxlttKxROkF8IzxRqvbqk= edouard@stamboue\n",
                "username": "azureuser"
              }
            ],
            "admin_username": "azureuser",
            "allow_extension_operations": true,
            "availability_set_id": "",
            "boot_diagnostics": [],
            "bypass_platform_safety_checks_on_user_schedule_enabled": false,
            "capacity_reservation_group_id": "",
            "computer_name": "vm-1",
            "custom_data": null,
            "dedicated_host_group_id": "",
            "dedicated_host_id": "",
            "disable_password_authentication": true,
            "disk_controller_type": "",
            "edge_zone": "",
            "encryption_at_host_enabled": false,
            "eviction_policy": "",
            "extensions_time_budget": "PT1H30M",
            "gallery_application": [],
            "id": "/subscriptions/d997adab-222f-420b-b4c8-34642db6d037/resourceGroups/rg-vm-network/providers/Microsoft.Compute/virtualMachines/vm-1",
            "identity": [],
            "license_type": "",
            "location": "eastus",
            "max_bid_price": -1,
            "name": "vm-1",
            "network_interface_ids": [
              "/subscriptions/d997adab-222f-420b-b4c8-34642db6d037/resourceGroups/rg-vm-network/providers/Microsoft.Network/networkInterfaces/nic-1"
            ],
            "os_disk": [
              {
                "caching": "ReadWrite",
                "diff_disk_settings": [],
                "disk_encryption_set_id": "",
                "disk_size_gb": 30,
                "name": "vm-1_OsDisk_1_2c6b94b034394aaa8ebee0987470d733",
                "secure_vm_disk_encryption_set_id": "",
                "security_encryption_type": "",
                "storage_account_type": "Standard_LRS",
                "write_accelerator_enabled": false
              }
            ],
            "os_image_notification": [],
            "patch_assessment_mode": "ImageDefault",
            "patch_mode": "ImageDefault",
            "plan": [],
            "platform_fault_domain": -1,
            "priority": "Regular",
            "private_ip_address": "10.0.2.4",
            "private_ip_addresses": [
              "10.0.2.4"
            ],
            "provision_vm_agent": true,
            "proximity_placement_group_id": "",
            "public_ip_address": "20.124.204.43",
            "public_ip_addresses": [
              "20.124.204.43"
            ],
            "reboot_setting": "",
            "resource_group_name": "rg-vm-network",
            "secret": [],
            "secure_boot_enabled": false,
            "size": "Standard_B2s",
            "source_image_id": "",
            "source_image_reference": [
              {
                "offer": "0001-com-ubuntu-server-focal",
                "publisher": "Canonical",
                "sku": "20_04-lts",
                "version": "latest"
              }
            ],
            "tags": null,
            "termination_notification": null,
            "timeouts": null,
            "user_data": "",
            "virtual_machine_id": "89f769b9-d4b6-44e8-8a35-51365c808b3f",
            "virtual_machine_scale_set_id": "",
            "vm_agent_platform_updates_enabled": false,
            "vtpm_enabled": false,
            "zone": ""
          },
          "sensitive_attributes": [
            [
              {
                "type": "get_attr",
                "value": "admin_password"
              }
            ],
            [
              {
                "type": "get_attr",
                "value": "admin_ssh_key"
              }
            ],
            [
              {
                "type": "get_attr",
                "value": "admin_username"
              }
            ],
            [
              {
                "type": "get_attr",
                "value": "custom_data"
              }
            ]
          ],
          "identity_schema_version": 0,
          "private": "eyJlMmJmYjczMC1lY2FhLTExZTYtOGY4OC0zNDM2M2JjN2M0YzAiOnsiY3JlYXRlIjoyNzAwMDAwMDAwMDAwLCJkZWxldGUiOjI3MDAwMDAwMDAwMDAsInJlYWQiOjMwMDAwMDAwMDAwMCwidXBkYXRlIjoyNzAwMDAwMDAwMDAwfX0=",
          "dependencies": [
            "azurerm_network_interface.nic",
            "azurerm_public_ip.public_ip",
            "azurerm_resource_group.rg",
            "data.vault_generic_secret.admin",
            "module.network.azurerm_subnet.subnets",
            "module.network.azurerm_virtual_network.vnet"
          ]
        }
      ]
    },
    {
      "mode": "managed",
      "type": "azurerm_network_interface",
      "name": "nic",
      "provider": "provider[\"registry.terraform.io/hashicorp/azurerm\"]",
      "instances": [
        {
          "index_key": 0,
          "schema_version": 0,
          "attributes": {
            "accelerated_networking_enabled": false,
            "applied_dns_servers": [],
            "auxiliary_mode": "",
            "auxiliary_sku": "",
            "dns_servers": [],
            "edge_zone": "",
            "enable_accelerated_networking": false,
            "enable_ip_forwarding": false,
            "id": "/subscriptions/d997adab-222f-420b-b4c8-34642db6d037/resourceGroups/rg-vm-network/providers/Microsoft.Network/networkInterfaces/nic-0",
            "internal_dns_name_label": "",
            "internal_domain_name_suffix": "yyyxjginubkuhetomqik55aklg.bx.internal.cloudapp.net",
            "ip_configuration": [
              {
                "gateway_load_balancer_frontend_ip_configuration_id": "",
                "name": "internal",
                "primary": true,
                "private_ip_address": "10.0.1.4",
                "private_ip_address_allocation": "Dynamic",
                "private_ip_address_version": "IPv4",
                "public_ip_address_id": "/subscriptions/d997adab-222f-420b-b4c8-34642db6d037/resourceGroups/rg-vm-network/providers/Microsoft.Network/publicIPAddresses/public-ip-0",
                "subnet_id": "/subscriptions/d997adab-222f-420b-b4c8-34642db6d037/resourceGroups/rg-vm-network/providers/Microsoft.Network/virtualNetworks/vnet-tp/subnets/subnet1"
              }
            ],
            "ip_forwarding_enabled": false,
            "location": "eastus",
            "mac_address": "",
            "name": "nic-0",
            "private_ip_address": "10.0.1.4",
            "private_ip_addresses": [
              "10.0.1.4"
            ],
            "resource_group_name": "rg-vm-network",
            "tags": null,
            "timeouts": null,
            "virtual_machine_id": ""
          },
          "sensitive_attributes": [],
          "identity_schema_version": 0,
          "private": "eyJlMmJmYjczMC1lY2FhLTExZTYtOGY4OC0zNDM2M2JjN2M0YzAiOnsiY3JlYXRlIjoxODAwMDAwMDAwMDAwLCJkZWxldGUiOjE4MDAwMDAwMDAwMDAsInJlYWQiOjMwMDAwMDAwMDAwMCwidXBkYXRlIjoxODAwMDAwMDAwMDAwfX0=",
          "dependencies": [
            "azurerm_public_ip.public_ip",
            "azurerm_resource_group.rg",
            "module.network.azurerm_subnet.subnets",
            "module.network.azurerm_virtual_network.vnet"
          ]
        },
        {
          "index_key": 1,
          "schema_version": 0,
          "attributes": {
            "accelerated_networking_enabled": false,
            "applied_dns_servers": [],
            "auxiliary_mode": "",
            "auxiliary_sku": "",
            "dns_servers": [],
            "edge_zone": "",
            "enable_accelerated_networking": false,
            "enable_ip_forwarding": false,
            "id": "/subscriptions/d997adab-222f-420b-b4c8-34642db6d037/resourceGroups/rg-vm-network/providers/Microsoft.Network/networkInterfaces/nic-1",
            "internal_dns_name_label": "",
            "internal_domain_name_suffix": "yyyxjginubkuhetomqik55aklg.bx.internal.cloudapp.net",
            "ip_configuration": [
              {
                "gateway_load_balancer_frontend_ip_configuration_id": "",
                "name": "internal",
                "primary": true,
                "private_ip_address": "10.0.2.4",
                "private_ip_address_allocation": "Dynamic",
                "private_ip_address_version": "IPv4",
                "public_ip_address_id": "/subscriptions/d997adab-222f-420b-b4c8-34642db6d037/resourceGroups/rg-vm-network/providers/Microsoft.Network/publicIPAddresses/public-ip-1",
                "subnet_id": "/subscriptions/d997adab-222f-420b-b4c8-34642db6d037/resourceGroups/rg-vm-network/providers/Microsoft.Network/virtualNetworks/vnet-tp/subnets/subnet2"
              }
            ],
            "ip_forwarding_enabled": false,
            "location": "eastus",
            "mac_address": "",
            "name": "nic-1",
            "private_ip_address": "10.0.2.4",
            "private_ip_addresses": [
              "10.0.2.4"
            ],
            "resource_group_name": "rg-vm-network",
            "tags": null,
            "timeouts": null,
            "virtual_machine_id": ""
          },
          "sensitive_attributes": [],
          "identity_schema_version": 0,
          "private": "eyJlMmJmYjczMC1lY2FhLTExZTYtOGY4OC0zNDM2M2JjN2M0YzAiOnsiY3JlYXRlIjoxODAwMDAwMDAwMDAwLCJkZWxldGUiOjE4MDAwMDAwMDAwMDAsInJlYWQiOjMwMDAwMDAwMDAwMCwidXBkYXRlIjoxODAwMDAwMDAwMDAwfX0=",
          "dependencies": [
            "azurerm_public_ip.public_ip",
            "azurerm_resource_group.rg",
            "module.network.azurerm_subnet.subnets",
            "module.network.azurerm_virtual_network.vnet"
          ]
        }
      ]
    },
    {
      "mode": "managed",
      "type": "azurerm_network_interface_security_group_association",
      "name": "nsg_assoc",
      "provider": "provider[\"registry.terraform.io/hashicorp/azurerm\"]",
      "instances": [
        {
          "index_key": 0,
          "schema_version": 0,
          "attributes": {
            "id": "/subscriptions/d997adab-222f-420b-b4c8-34642db6d037/resourceGroups/rg-vm-network/providers/Microsoft.Network/networkInterfaces/nic-0|/subscriptions/d997adab-222f-420b-b4c8-34642db6d037/resourceGroups/rg-vm-network/providers/Microsoft.Network/networkSecurityGroups/nsg-vm",
            "network_interface_id": "/subscriptions/d997adab-222f-420b-b4c8-34642db6d037/resourceGroups/rg-vm-network/providers/Microsoft.Network/networkInterfaces/nic-0",
            "network_security_group_id": "/subscriptions/d997adab-222f-420b-b4c8-34642db6d037/resourceGroups/rg-vm-network/providers/Microsoft.Network/networkSecurityGroups/nsg-vm",
            "timeouts": null
          },
          "sensitive_attributes": [],
          "identity_schema_version": 0,
          "private": "eyJlMmJmYjczMC1lY2FhLTExZTYtOGY4OC0zNDM2M2JjN2M0YzAiOnsiY3JlYXRlIjoxODAwMDAwMDAwMDAwLCJkZWxldGUiOjE4MDAwMDAwMDAwMDAsInJlYWQiOjMwMDAwMDAwMDAwMH19",
          "dependencies": [
            "azurerm_network_interface.nic",
            "azurerm_network_security_group.nsg",
            "azurerm_public_ip.public_ip",
            "azurerm_resource_group.rg",
            "module.network.azurerm_subnet.subnets",
            "module.network.azurerm_virtual_network.vnet"
          ]
        },
        {
          "index_key": 1,
          "schema_version": 0,
          "attributes": {
            "id": "/subscriptions/d997adab-222f-420b-b4c8-34642db6d037/resourceGroups/rg-vm-network/providers/Microsoft.Network/networkInterfaces/nic-1|/subscriptions/d997adab-222f-420b-b4c8-34642db6d037/resourceGroups/rg-vm-network/providers/Microsoft.Network/networkSecurityGroups/nsg-vm",
            "network_interface_id": "/subscriptions/d997adab-222f-420b-b4c8-34642db6d037/resourceGroups/rg-vm-network/providers/Microsoft.Network/networkInterfaces/nic-1",
            "network_security_group_id": "/subscriptions/d997adab-222f-420b-b4c8-34642db6d037/resourceGroups/rg-vm-network/providers/Microsoft.Network/networkSecurityGroups/nsg-vm",
            "timeouts": null
          },
          "sensitive_attributes": [],
          "identity_schema_version": 0,
          "private": "eyJlMmJmYjczMC1lY2FhLTExZTYtOGY4OC0zNDM2M2JjN2M0YzAiOnsiY3JlYXRlIjoxODAwMDAwMDAwMDAwLCJkZWxldGUiOjE4MDAwMDAwMDAwMDAsInJlYWQiOjMwMDAwMDAwMDAwMH19",
          "dependencies": [
            "azurerm_network_interface.nic",
            "azurerm_network_security_group.nsg",
            "azurerm_public_ip.public_ip",
            "azurerm_resource_group.rg",
            "module.network.azurerm_subnet.subnets",
            "module.network.azurerm_virtual_network.vnet"
          ]
        }
      ]
    },
    {
      "mode": "managed",
      "type": "azurerm_network_security_group",
      "name": "nsg",
      "provider": "provider[\"registry.terraform.io/hashicorp/azurerm\"]",
      "instances": [
        {
          "schema_version": 0,
          "attributes": {
            "id": "/subscriptions/d997adab-222f-420b-b4c8-34642db6d037/resourceGroups/rg-vm-network/providers/Microsoft.Network/networkSecurityGroups/nsg-vm",
            "location": "eastus",
            "name": "nsg-vm",
            "resource_group_name": "rg-vm-network",
            "security_rule": [
              {
                "access": "Allow",
                "description": "",
                "destination_address_prefix": "*",
                "destination_address_prefixes": [],
                "destination_application_security_group_ids": [],
                "destination_port_range": "",
                "destination_port_ranges": [
                  "30000-35000"
                ],
                "direction": "Inbound",
                "name": "K3s-NodePort",
                "priority": 1002,
                "protocol": "Tcp",
                "source_address_prefix": "*",
                "source_address_prefixes": [],
                "source_application_security_group_ids": [],
                "source_port_range": "*",
                "source_port_ranges": []
              },
              {
                "access": "Allow",
                "description": "",
                "destination_address_prefix": "*",
                "destination_address_prefixes": [],
                "destination_application_security_group_ids": [],
                "destination_port_range": "22",
                "destination_port_ranges": [],
                "direction": "Inbound",
                "name": "SSH",
                "priority": 1001,
                "protocol": "Tcp",
                "source_address_prefix": "*",
                "source_address_prefixes": [],
                "source_application_security_group_ids": [],
                "source_port_range": "*",
                "source_port_ranges": []
              }
            ],
            "tags": null,
            "timeouts": null
          },
          "sensitive_attributes": [],
          "identity_schema_version": 0,
          "private": "eyJlMmJmYjczMC1lY2FhLTExZTYtOGY4OC0zNDM2M2JjN2M0YzAiOnsiY3JlYXRlIjoxODAwMDAwMDAwMDAwLCJkZWxldGUiOjE4MDAwMDAwMDAwMDAsInJlYWQiOjMwMDAwMDAwMDAwMCwidXBkYXRlIjoxODAwMDAwMDAwMDAwfX0=",
          "dependencies": [
            "azurerm_resource_group.rg"
          ]
        }
      ]
    },
    {
      "mode": "managed",
      "type": "azurerm_public_ip",
      "name": "public_ip",
      "provider": "provider[\"registry.terraform.io/hashicorp/azurerm\"]",
      "instances": [
        {
          "index_key": 0,
          "schema_version": 0,
          "attributes": {
            "allocation_method": "Static",
            "ddos_protection_mode": "VirtualNetworkInherited",
            "ddos_protection_plan_id": null,
            "domain_name_label": null,
            "edge_zone": "",
            "fqdn": null,
            "id": "/subscriptions/d997adab-222f-420b-b4c8-34642db6d037/resourceGroups/rg-vm-network/providers/Microsoft.Network/publicIPAddresses/public-ip-0",
            "idle_timeout_in_minutes": 4,
            "ip_address": "172.173.146.178",
            "ip_tags": null,
            "ip_version": "IPv4",
            "location": "eastus",
            "name": "public-ip-0",
            "public_ip_prefix_id": null,
            "resource_group_name": "rg-vm-network",
            "reverse_fqdn": null,
            "sku": "Standard",
            "sku_tier": "Regional",
            "tags": null,
            "timeouts": null,
            "zones": null
          },
          "sensitive_attributes": [],
          "identity_schema_version": 0,
          "private": "eyJlMmJmYjczMC1lY2FhLTExZTYtOGY4OC0zNDM2M2JjN2M0YzAiOnsiY3JlYXRlIjoxODAwMDAwMDAwMDAwLCJkZWxldGUiOjE4MDAwMDAwMDAwMDAsInJlYWQiOjMwMDAwMDAwMDAwMCwidXBkYXRlIjoxODAwMDAwMDAwMDAwfX0=",
          "dependencies": [
            "azurerm_resource_group.rg"
          ]
        },
        {
          "index_key": 1,
          "schema_version": 0,
          "attributes": {
            "allocation_method": "Static",
            "ddos_protection_mode": "VirtualNetworkInherited",
            "ddos_protection_plan_id": null,
            "domain_name_label": null,
            "edge_zone": "",
            "fqdn": null,
            "id": "/subscriptions/d997adab-222f-420b-b4c8-34642db6d037/resourceGroups/rg-vm-network/providers/Microsoft.Network/publicIPAddresses/public-ip-1",
            "idle_timeout_in_minutes": 4,
            "ip_address": "20.124.204.43",
            "ip_tags": null,
            "ip_version": "IPv4",
            "location": "eastus",
            "name": "public-ip-1",
            "public_ip_prefix_id": null,
            "resource_group_name": "rg-vm-network",
            "reverse_fqdn": null,
            "sku": "Standard",
            "sku_tier": "Regional",
            "tags": null,
            "timeouts": null,
            "zones": null
          },
          "sensitive_attributes": [],
          "identity_schema_version": 0,
          "private": "eyJlMmJmYjczMC1lY2FhLTExZTYtOGY4OC0zNDM2M2JjN2M0YzAiOnsiY3JlYXRlIjoxODAwMDAwMDAwMDAwLCJkZWxldGUiOjE4MDAwMDAwMDAwMDAsInJlYWQiOjMwMDAwMDAwMDAwMCwidXBkYXRlIjoxODAwMDAwMDAwMDAwfX0=",
          "dependencies": [
            "azurerm_resource_group.rg"
          ]
        }
      ]
    },
    {
      "mode": "managed",
      "type": "azurerm_resource_group",
      "name": "rg",
      "provider": "provider[\"registry.terraform.io/hashicorp/azurerm\"]",
      "instances": [
        {
          "schema_version": 0,
          "attributes": {
            "id": "/subscriptions/d997adab-222f-420b-b4c8-34642db6d037/resourceGroups/rg-vm-network",
            "location": "eastus",
            "managed_by": "",
            "name": "rg-vm-network",
            "tags": null,
            "timeouts": null
          },
          "sensitive_attributes": [],
          "identity_schema_version": 0,
          "private": "eyJlMmJmYjczMC1lY2FhLTExZTYtOGY4OC0zNDM2M2JjN2M0YzAiOnsiY3JlYXRlIjo1NDAwMDAwMDAwMDAwLCJkZWxldGUiOjU0MDAwMDAwMDAwMDAsInJlYWQiOjMwMDAwMDAwMDAwMCwidXBkYXRlIjo1NDAwMDAwMDAwMDAwfX0="
        }
      ]
    },
    {
      "mode": "managed",
      "type": "local_file",
      "name": "inventory_ini",
      "provider": "provider[\"registry.terraform.io/hashicorp/local\"]",
      "instances": [
        {
          "schema_version": 0,
          "attributes": {
            "content": "[k3s_master]\nvm-master ansible_host=172.173.146.178 ansible_user=azureuser ansible_ssh_private_key_file=~/.ssh/id_rsa\n\n[k3s_worker]\nvm-worker ansible_host=20.124.204.43 ansible_user=azureuser ansible_ssh_private_key_file=~/.ssh/id_rsa\n",
            "content_base64": null,
            "content_base64sha256": "adEwEn+p3DUeMlsU+I9LOdQmaROccniwZSZ+nLEEumA=",
            "content_base64sha512": "ATEjce8HoD3ZYVavTu9Mx8RmZJQPBbbKW9cbzXYwJFH5+82JB5uWTEJRV7BBLoVOUEE+gBYlc3t0WaKXwprRvg==",
            "content_md5": "7c6c5b54a664f33b49a38bfa07f319a0",
            "content_sha1": "46c32b310ac6366ec98901731bbdfe376edded5b",
            "content_sha256": "69d130127fa9dc351e325b14f88f4b39d42669139c7278b065267e9cb104ba60",
            "content_sha512": "01312371ef07a03dd96156af4eef4cc7c46664940f05b6ca5bd71bcd76302451f9fbcd89079b964c425157b0412e854e50413e801625737b7459a297c29ad1be",
            "directory_permission": "0777",
            "file_permission": "0777",
            "filename": "./inventory.ini",
            "id": "46c32b310ac6366ec98901731bbdfe376edded5b",
            "sensitive_content": null,
            "source": null
          },
          "sensitive_attributes": [
            [
              {
                "type": "get_attr",
                "value": "sensitive_content"
              }
            ]
          ],
          "identity_schema_version": 0,
          "dependencies": [
            "azurerm_public_ip.public_ip",
            "azurerm_resource_group.rg"
          ]
        }
      ]
    },
    {
      "module": "module.network",
      "mode": "managed",
      "type": "azurerm_subnet",
      "name": "subnets",
      "provider": "provider[\"registry.terraform.io/hashicorp/azurerm\"]",
      "instances": [
        {
          "index_key": "subnet1",
          "schema_version": 0,
          "attributes": {
            "address_prefixes": [
              "10.0.1.0/24"
            ],
            "default_outbound_access_enabled": true,
            "delegation": [],
            "enforce_private_link_endpoint_network_policies": false,
            "enforce_private_link_service_network_policies": false,
            "id": "/subscriptions/d997adab-222f-420b-b4c8-34642db6d037/resourceGroups/rg-vm-network/providers/Microsoft.Network/virtualNetworks/vnet-tp/subnets/subnet1",
            "name": "subnet1",
            "private_endpoint_network_policies": "Enabled",
            "private_endpoint_network_policies_enabled": true,
            "private_link_service_network_policies_enabled": true,
            "resource_group_name": "rg-vm-network",
            "service_endpoint_policy_ids": null,
            "service_endpoints": null,
            "timeouts": null,
            "virtual_network_name": "vnet-tp"
          },
          "sensitive_attributes": [],
          "identity_schema_version": 0,
          "private": "eyJlMmJmYjczMC1lY2FhLTExZTYtOGY4OC0zNDM2M2JjN2M0YzAiOnsiY3JlYXRlIjoxODAwMDAwMDAwMDAwLCJkZWxldGUiOjE4MDAwMDAwMDAwMDAsInJlYWQiOjMwMDAwMDAwMDAwMCwidXBkYXRlIjoxODAwMDAwMDAwMDAwfX0=",
          "dependencies": [
            "azurerm_resource_group.rg",
            "module.network.azurerm_virtual_network.vnet"
          ]
        },
        {
          "index_key": "subnet2",
          "schema_version": 0,
          "attributes": {
            "address_prefixes": [
              "10.0.2.0/24"
            ],
            "default_outbound_access_enabled": true,
            "delegation": [],
            "enforce_private_link_endpoint_network_policies": false,
            "enforce_private_link_service_network_policies": false,
            "id": "/subscriptions/d997adab-222f-420b-b4c8-34642db6d037/resourceGroups/rg-vm-network/providers/Microsoft.Network/virtualNetworks/vnet-tp/subnets/subnet2",
            "name": "subnet2",
            "private_endpoint_network_policies": "Enabled",
            "private_endpoint_network_policies_enabled": true,
            "private_link_service_network_policies_enabled": true,
            "resource_group_name": "rg-vm-network",
            "service_endpoint_policy_ids": null,
            "service_endpoints": null,
            "timeouts": null,
            "virtual_network_name": "vnet-tp"
          },
          "sensitive_attributes": [],
          "identity_schema_version": 0,
          "private": "eyJlMmJmYjczMC1lY2FhLTExZTYtOGY4OC0zNDM2M2JjN2M0YzAiOnsiY3JlYXRlIjoxODAwMDAwMDAwMDAwLCJkZWxldGUiOjE4MDAwMDAwMDAwMDAsInJlYWQiOjMwMDAwMDAwMDAwMCwidXBkYXRlIjoxODAwMDAwMDAwMDAwfX0=",
          "dependencies": [
            "azurerm_resource_group.rg",
            "module.network.azurerm_virtual_network.vnet"
          ]
        }
      ]
    },
    {
      "module": "module.network",
      "mode": "managed",
      "type": "azurerm_virtual_network",
      "name": "vnet",
      "provider": "provider[\"registry.terraform.io/hashicorp/azurerm\"]",
      "instances": [
        {
          "schema_version": 0,
          "attributes": {
            "address_space": [
              "10.0.0.0/16"
            ],
            "bgp_community": "",
            "ddos_protection_plan": [],
            "dns_servers": [],
            "edge_zone": "",
            "encryption": [],
            "flow_timeout_in_minutes": 0,
            "guid": "997431c6-a00d-4355-926e-6410affc0a5e",
            "id": "/subscriptions/d997adab-222f-420b-b4c8-34642db6d037/resourceGroups/rg-vm-network/providers/Microsoft.Network/virtualNetworks/vnet-tp",
            "location": "eastus",
            "name": "vnet-tp",
            "resource_group_name": "rg-vm-network",
            "subnet": [],
            "tags": null,
            "timeouts": null
          },
          "sensitive_attributes": [],
          "identity_schema_version": 0,
          "private": "eyJlMmJmYjczMC1lY2FhLTExZTYtOGY4OC0zNDM2M2JjN2M0YzAiOnsiY3JlYXRlIjoxODAwMDAwMDAwMDAwLCJkZWxldGUiOjE4MDAwMDAwMDAwMDAsInJlYWQiOjMwMDAwMDAwMDAwMCwidXBkYXRlIjoxODAwMDAwMDAwMDAwfX0=",
          "dependencies": [
            "azurerm_resource_group.rg"
          ]
        }
      ]
    }
  ],
  "check_results": null
}
